
Microsoft Visual Studio Solution File, Format Version 12.00
# Visual Studio Version 16
VisualStudioVersion = 16.0.29905.134
MinimumVisualStudioVersion = 10.0.40219.1
Project("{FAE04EC0-301F-11D3-BF4B-00C04F79EFBC}") = "Shop.Domain", "Shop.Domain\Shop.Domain.csproj", "{6079F950-781C-48D3-A7C9-770B2FF2C5E0}"
EndProject
Project("{FAE04EC0-301F-11D3-BF4B-00C04F79EFBC}") = "Shop.Infra.Data", "Shop.Infra.Data\Shop.Infra.Data.csproj", "{21352D4B-A509-4FFC-985B-BB692979324F}"
EndProject
Project("{FAE04EC0-301F-11D3-BF4B-00C04F79EFBC}") = "Shop.UI", "Shop.UI\Shop.UI.csproj", "{A94C17CA-50E7-4BA0-AEA4-F82B574C6558}"
EndProject
Global
	GlobalSection(SolutionConfigurationPlatforms) = preSolution
		Debug|Any CPU = Debug|Any CPU
		Release|Any CPU = Release|Any CPU
	EndGlobalSection
	GlobalSection(ProjectConfigurationPlatforms) = postSolution
		{6079F950-781C-48D3-A7C9-770B2FF2C5E0}.Debug|Any CPU.ActiveCfg = Debug|Any CPU
		{6079F950-781C-48D3-A7C9-770B2FF2C5E0}.Debug|Any CPU.Build.0 = Debug|Any CPU
		{6079F950-781C-48D3-A7C9-770B2FF2C5E0}.Release|Any CPU.ActiveCfg = Release|Any CPU
		{6079F950-781C-48D3-A7C9-770B2FF2C5E0}.Release|Any CPU.Build.0 = Release|Any CPU
		{21352D4B-A509-4FFC-985B-BB692979324F}.Debug|Any CPU.ActiveCfg = Debug|Any CPU
		{21352D4B-A509-4FFC-985B-BB692979324F}.Debug|Any CPU.Build.0 = Debug|Any CPU
		{21352D4B-A509-4FFC-985B-BB692979324F}.Release|Any CPU.ActiveCfg = Release|Any CPU
		{21352D4B-A509-4FFC-985B-BB692979324F}.Release|Any CPU.Build.0 = Release|Any CPU
		{A94C17CA-50E7-4BA0-AEA4-F82B574C6558}.Debug|Any CPU.ActiveCfg = Debug|Any CPU
		{A94C17CA-50E7-4BA0-AEA4-F82B574C6558}.Debug|Any CPU.Build.0 = Debug|Any CPU
		{A94C17CA-50E7-4BA0-AEA4-F82B574C6558}.Release|Any CPU.ActiveCfg = Release|Any CPU
		{A94C17CA-50E7-4BA0-AEA4-F82B574C6558}.Release|Any CPU.Build.0 = Release|Any CPU
	EndGlobalSection
	GlobalSection(SolutionProperties) = preSolution
		HideSolutionNode = FALSE
	EndGlobalSection
	GlobalSection(ExtensibilityGlobals) = postSolution
		SolutionGuid = {AA9C4BCC-9F2B-4F66-847F-AF15A11AA07D}
	EndGlobalSection
EndGlobal
